<?xml version="1.0" encoding="utf-8"?>
<Project ToolsVersion="4.0" xmlns="http://schemas.microsoft.com/developer/msbuild/2003">
  <ItemGroup>
    <Filter Include="Select">
      <UniqueIdentifier>{e2a8a366-ad18-4a62-89c2-e6092e6be98d}</UniqueIdentifier>
    </Filter>
  </ItemGroup>
  <ItemGroup>
    <ClInclude Include="Protocol.h" />
    <ClInclude Include="SServerStd.h" />
    <ClInclude Include="SSelectModel.h">
      <Filter>Select</Filter>
    </ClInclude>
    <ClInclude Include="SEventSelect.h">
      <Filter>Select</Filter>
    </ClInclude>
    <ClInclude Include="SAsyncSelect.h">
      <Filter>Select</Filter>
    </ClInclude>
    <ClInclude Include="SNetWork.h" />
    <ClInclude Include="SNetworkClient.h" />
    <ClInclude Include="SStdSelect.h">
      <Filter>Select</Filter>
    </ClInclude>
  </ItemGroup>
  <ItemGroup>
    <ClCompile Include="SSelectModel.cpp">
      <Filter>Select</Filter>
    </ClCompile>
    <ClCompile Include="SAsyncSelect.cpp">
      <Filter>Select</Filter>
    </ClCompile>
    <ClCompile Include="SEventSelect.cpp">
      <Filter>Select</Filter>
    </ClCompile>
    <ClCompile Include="SNetWork.cpp" />
    <ClCompile Include="SStdSelect.cpp">
      <Filter>Select</Filter>
    </ClCompile>
  </ItemGroup>
</Project>