
Microsoft Visual Studio Solution File, Format Version 12.00
# Visual Studio 15
VisualStudioVersion = 15.0.28307.572
MinimumVisualStudioVersion = 10.0.40219.1
Project("{8BC9CEB8-8B4A-11D0-8D11-00A0C91BC942}") = "00_Socket_1", "00_Socket_1\00_Socket_1.vcxproj", "{527F1072-F390-472D-A22E-E364C59AA791}"
EndProject
Project("{8BC9CEB8-8B4A-11D0-8D11-00A0C91BC942}") = "01_ClientSocket_0", "01_ClientSocket_0\01_ClientSocket_0.vcxproj", "{AFC22CD6-4F07-487F-A95F-5839FA5F4C81}"
EndProject
Project("{8BC9CEB8-8B4A-11D0-8D11-00A0C91BC942}") = "01_SeverSocket_0", "01_SeverSocket_0\01_SeverSocket_0.vcxproj", "{A432B4F8-3E04-4DD2-B7DD-FAACFB6EF5D3}"
EndProject
Project("{2150E333-8FDC-42A3-9474-1A3956D46DE8}") = "01_Socket_0", "01_Socket_0", "{79423BDC-FF84-4E57-AEC1-470900237E6D}"
EndProject
Project("{2150E333-8FDC-42A3-9474-1A3956D46DE8}") = "00_TestSolution", "00_TestSolution", "{0C3E2EAE-C8C5-4A1B-86C6-42F1E45770E4}"
EndProject
Project("{2150E333-8FDC-42A3-9474-1A3956D46DE8}") = "02_Thread", "02_Thread", "{C6E12F35-95B4-44C2-8D9B-3200818F2F98}"
EndProject
Project("{8BC9CEB8-8B4A-11D0-8D11-00A0C91BC942}") = "02_ThreadClient", "02_ThreadClient\02_ThreadClient.vcxproj", "{74CA6576-DB00-49EC-85D0-1B8306E28B84}"
EndProject
Project("{8BC9CEB8-8B4A-11D0-8D11-00A0C91BC942}") = "02_ThreadServer", "02_ThreadServer\02_ThreadServer.vcxproj", "{7FFC93D0-CB54-4736-AA13-20886EEF6F47}"
EndProject
Project("{8BC9CEB8-8B4A-11D0-8D11-00A0C91BC942}") = "02_ThreadServer_1", "02_ThreadServer_1\02_ThreadServer_1.vcxproj", "{EF4DF27E-1A31-491D-A2F5-BD94C7169221}"
EndProject
Project("{2150E333-8FDC-42A3-9474-1A3956D46DE8}") = "03_Packet", "03_Packet", "{8ADDA427-545F-4BB5-8E43-C84171D260D2}"
EndProject
Project("{8BC9CEB8-8B4A-11D0-8D11-00A0C91BC942}") = "03_PacketServer", "03_PacketServer\03_PacketServer.vcxproj", "{6676E440-73EA-4E81-9BAD-619453841EA1}"
EndProject
Project("{8BC9CEB8-8B4A-11D0-8D11-00A0C91BC942}") = "03_PacketClient", "03_PacketClient\03_PacketClient.vcxproj", "{338AD163-1E4C-4375-9D48-304B3E18A4F4}"
EndProject
Project("{8BC9CEB8-8B4A-11D0-8D11-00A0C91BC942}") = "04_PacketClient_1", "04_PacketClient_1\04_PacketClient_1.vcxproj", "{412047BC-03AB-4223-A9C2-6377DBA45DF3}"
EndProject
Project("{8BC9CEB8-8B4A-11D0-8D11-00A0C91BC942}") = "04_PacketServer_1", "04_PacketServer_1\04_PacketServer_1.vcxproj", "{E98808C9-60DF-49E6-8A04-D10AA270CF73}"
EndProject
Project("{8BC9CEB8-8B4A-11D0-8D11-00A0C91BC942}") = "05_PacketClient_2", "05_PacketClient_2\05_PacketClient_2.vcxproj", "{2FAE30C8-AACC-48B3-97A8-996482894A8F}"
EndProject
Project("{8BC9CEB8-8B4A-11D0-8D11-00A0C91BC942}") = "05_PacketServer_2", "05_PacketServer_2\05_PacketServer_2.vcxproj", "{D46D66C0-0115-45D4-89CE-E1D9A5B9922D}"
EndProject
Project("{2150E333-8FDC-42A3-9474-1A3956D46DE8}") = "04_ServerLib", "04_ServerLib", "{37E34B86-ABFA-4AF8-AADA-BC1EE6AD669E}"
EndProject
Project("{8BC9CEB8-8B4A-11D0-8D11-00A0C91BC942}") = "SNetWorkClient", "SNetWorkClient\SNetWorkClient.vcxproj", "{743B39B6-8C32-4ADB-9B50-D67721EB1CB0}"
EndProject
Global
	GlobalSection(SolutionConfigurationPlatforms) = preSolution
		Debug|x64 = Debug|x64
		Debug|x86 = Debug|x86
		Release|x64 = Release|x64
		Release|x86 = Release|x86
	EndGlobalSection
	GlobalSection(ProjectConfigurationPlatforms) = postSolution
		{527F1072-F390-472D-A22E-E364C59AA791}.Debug|x64.ActiveCfg = Debug|x64
		{527F1072-F390-472D-A22E-E364C59AA791}.Debug|x64.Build.0 = Debug|x64
		{527F1072-F390-472D-A22E-E364C59AA791}.Debug|x86.ActiveCfg = Debug|Win32
		{527F1072-F390-472D-A22E-E364C59AA791}.Debug|x86.Build.0 = Debug|Win32
		{527F1072-F390-472D-A22E-E364C59AA791}.Release|x64.ActiveCfg = Release|x64
		{527F1072-F390-472D-A22E-E364C59AA791}.Release|x64.Build.0 = Release|x64
		{527F1072-F390-472D-A22E-E364C59AA791}.Release|x86.ActiveCfg = Release|Win32
		{527F1072-F390-472D-A22E-E364C59AA791}.Release|x86.Build.0 = Release|Win32
		{AFC22CD6-4F07-487F-A95F-5839FA5F4C81}.Debug|x64.ActiveCfg = Debug|x64
		{AFC22CD6-4F07-487F-A95F-5839FA5F4C81}.Debug|x64.Build.0 = Debug|x64
		{AFC22CD6-4F07-487F-A95F-5839FA5F4C81}.Debug|x86.ActiveCfg = Debug|Win32
		{AFC22CD6-4F07-487F-A95F-5839FA5F4C81}.Debug|x86.Build.0 = Debug|Win32
		{AFC22CD6-4F07-487F-A95F-5839FA5F4C81}.Release|x64.ActiveCfg = Release|x64
		{AFC22CD6-4F07-487F-A95F-5839FA5F4C81}.Release|x64.Build.0 = Release|x64
		{AFC22CD6-4F07-487F-A95F-5839FA5F4C81}.Release|x86.ActiveCfg = Release|Win32
		{AFC22CD6-4F07-487F-A95F-5839FA5F4C81}.Release|x86.Build.0 = Release|Win32
		{A432B4F8-3E04-4DD2-B7DD-FAACFB6EF5D3}.Debug|x64.ActiveCfg = Debug|x64
		{A432B4F8-3E04-4DD2-B7DD-FAACFB6EF5D3}.Debug|x64.Build.0 = Debug|x64
		{A432B4F8-3E04-4DD2-B7DD-FAACFB6EF5D3}.Debug|x86.ActiveCfg = Debug|Win32
		{A432B4F8-3E04-4DD2-B7DD-FAACFB6EF5D3}.Debug|x86.Build.0 = Debug|Win32
		{A432B4F8-3E04-4DD2-B7DD-FAACFB6EF5D3}.Release|x64.ActiveCfg = Release|x64
		{A432B4F8-3E04-4DD2-B7DD-FAACFB6EF5D3}.Release|x64.Build.0 = Release|x64
		{A432B4F8-3E04-4DD2-B7DD-FAACFB6EF5D3}.Release|x86.ActiveCfg = Release|Win32
		{A432B4F8-3E04-4DD2-B7DD-FAACFB6EF5D3}.Release|x86.Build.0 = Release|Win32
		{74CA6576-DB00-49EC-85D0-1B8306E28B84}.Debug|x64.ActiveCfg = Debug|x64
		{74CA6576-DB00-49EC-85D0-1B8306E28B84}.Debug|x64.Build.0 = Debug|x64
		{74CA6576-DB00-49EC-85D0-1B8306E28B84}.Debug|x86.ActiveCfg = Debug|Win32
		{74CA6576-DB00-49EC-85D0-1B8306E28B84}.Debug|x86.Build.0 = Debug|Win32
		{74CA6576-DB00-49EC-85D0-1B8306E28B84}.Release|x64.ActiveCfg = Release|x64
		{74CA6576-DB00-49EC-85D0-1B8306E28B84}.Release|x64.Build.0 = Release|x64
		{74CA6576-DB00-49EC-85D0-1B8306E28B84}.Release|x86.ActiveCfg = Release|Win32
		{74CA6576-DB00-49EC-85D0-1B8306E28B84}.Release|x86.Build.0 = Release|Win32
		{7FFC93D0-CB54-4736-AA13-20886EEF6F47}.Debug|x64.ActiveCfg = Debug|x64
		{7FFC93D0-CB54-4736-AA13-20886EEF6F47}.Debug|x64.Build.0 = Debug|x64
		{7FFC93D0-CB54-4736-AA13-20886EEF6F47}.Debug|x86.ActiveCfg = Debug|Win32
		{7FFC93D0-CB54-4736-AA13-20886EEF6F47}.Debug|x86.Build.0 = Debug|Win32
		{7FFC93D0-CB54-4736-AA13-20886EEF6F47}.Release|x64.ActiveCfg = Release|x64
		{7FFC93D0-CB54-4736-AA13-20886EEF6F47}.Release|x64.Build.0 = Release|x64
		{7FFC93D0-CB54-4736-AA13-20886EEF6F47}.Release|x86.ActiveCfg = Release|Win32
		{7FFC93D0-CB54-4736-AA13-20886EEF6F47}.Release|x86.Build.0 = Release|Win32
		{EF4DF27E-1A31-491D-A2F5-BD94C7169221}.Debug|x64.ActiveCfg = Debug|x64
		{EF4DF27E-1A31-491D-A2F5-BD94C7169221}.Debug|x64.Build.0 = Debug|x64
		{EF4DF27E-1A31-491D-A2F5-BD94C7169221}.Debug|x86.ActiveCfg = Debug|Win32
		{EF4DF27E-1A31-491D-A2F5-BD94C7169221}.Debug|x86.Build.0 = Debug|Win32
		{EF4DF27E-1A31-491D-A2F5-BD94C7169221}.Release|x64.ActiveCfg = Release|x64
		{EF4DF27E-1A31-491D-A2F5-BD94C7169221}.Release|x64.Build.0 = Release|x64
		{EF4DF27E-1A31-491D-A2F5-BD94C7169221}.Release|x86.ActiveCfg = Release|Win32
		{EF4DF27E-1A31-491D-A2F5-BD94C7169221}.Release|x86.Build.0 = Release|Win32
		{6676E440-73EA-4E81-9BAD-619453841EA1}.Debug|x64.ActiveCfg = Debug|x64
		{6676E440-73EA-4E81-9BAD-619453841EA1}.Debug|x64.Build.0 = Debug|x64
		{6676E440-73EA-4E81-9BAD-619453841EA1}.Debug|x86.ActiveCfg = Debug|Win32
		{6676E440-73EA-4E81-9BAD-619453841EA1}.Debug|x86.Build.0 = Debug|Win32
		{6676E440-73EA-4E81-9BAD-619453841EA1}.Release|x64.ActiveCfg = Release|x64
		{6676E440-73EA-4E81-9BAD-619453841EA1}.Release|x64.Build.0 = Release|x64
		{6676E440-73EA-4E81-9BAD-619453841EA1}.Release|x86.ActiveCfg = Release|Win32
		{6676E440-73EA-4E81-9BAD-619453841EA1}.Release|x86.Build.0 = Release|Win32
		{338AD163-1E4C-4375-9D48-304B3E18A4F4}.Debug|x64.ActiveCfg = Debug|x64
		{338AD163-1E4C-4375-9D48-304B3E18A4F4}.Debug|x64.Build.0 = Debug|x64
		{338AD163-1E4C-4375-9D48-304B3E18A4F4}.Debug|x86.ActiveCfg = Debug|Win32
		{338AD163-1E4C-4375-9D48-304B3E18A4F4}.Debug|x86.Build.0 = Debug|Win32
		{338AD163-1E4C-4375-9D48-304B3E18A4F4}.Release|x64.ActiveCfg = Release|x64
		{338AD163-1E4C-4375-9D48-304B3E18A4F4}.Release|x64.Build.0 = Release|x64
		{338AD163-1E4C-4375-9D48-304B3E18A4F4}.Release|x86.ActiveCfg = Release|Win32
		{338AD163-1E4C-4375-9D48-304B3E18A4F4}.Release|x86.Build.0 = Release|Win32
		{412047BC-03AB-4223-A9C2-6377DBA45DF3}.Debug|x64.ActiveCfg = Debug|x64
		{412047BC-03AB-4223-A9C2-6377DBA45DF3}.Debug|x64.Build.0 = Debug|x64
		{412047BC-03AB-4223-A9C2-6377DBA45DF3}.Debug|x86.ActiveCfg = Debug|Win32
		{412047BC-03AB-4223-A9C2-6377DBA45DF3}.Debug|x86.Build.0 = Debug|Win32
		{412047BC-03AB-4223-A9C2-6377DBA45DF3}.Release|x64.ActiveCfg = Release|x64
		{412047BC-03AB-4223-A9C2-6377DBA45DF3}.Release|x64.Build.0 = Release|x64
		{412047BC-03AB-4223-A9C2-6377DBA45DF3}.Release|x86.ActiveCfg = Release|Win32
		{412047BC-03AB-4223-A9C2-6377DBA45DF3}.Release|x86.Build.0 = Release|Win32
		{E98808C9-60DF-49E6-8A04-D10AA270CF73}.Debug|x64.ActiveCfg = Debug|x64
		{E98808C9-60DF-49E6-8A04-D10AA270CF73}.Debug|x64.Build.0 = Debug|x64
		{E98808C9-60DF-49E6-8A04-D10AA270CF73}.Debug|x86.ActiveCfg = Debug|Win32
		{E98808C9-60DF-49E6-8A04-D10AA270CF73}.Debug|x86.Build.0 = Debug|Win32
		{E98808C9-60DF-49E6-8A04-D10AA270CF73}.Release|x64.ActiveCfg = Release|x64
		{E98808C9-60DF-49E6-8A04-D10AA270CF73}.Release|x64.Build.0 = Release|x64
		{E98808C9-60DF-49E6-8A04-D10AA270CF73}.Release|x86.ActiveCfg = Release|Win32
		{E98808C9-60DF-49E6-8A04-D10AA270CF73}.Release|x86.Build.0 = Release|Win32
		{2FAE30C8-AACC-48B3-97A8-996482894A8F}.Debug|x64.ActiveCfg = Debug|x64
		{2FAE30C8-AACC-48B3-97A8-996482894A8F}.Debug|x64.Build.0 = Debug|x64
		{2FAE30C8-AACC-48B3-97A8-996482894A8F}.Debug|x86.ActiveCfg = Debug|Win32
		{2FAE30C8-AACC-48B3-97A8-996482894A8F}.Debug|x86.Build.0 = Debug|Win32
		{2FAE30C8-AACC-48B3-97A8-996482894A8F}.Release|x64.ActiveCfg = Release|x64
		{2FAE30C8-AACC-48B3-97A8-996482894A8F}.Release|x64.Build.0 = Release|x64
		{2FAE30C8-AACC-48B3-97A8-996482894A8F}.Release|x86.ActiveCfg = Release|Win32
		{2FAE30C8-AACC-48B3-97A8-996482894A8F}.Release|x86.Build.0 = Release|Win32
		{D46D66C0-0115-45D4-89CE-E1D9A5B9922D}.Debug|x64.ActiveCfg = Debug|x64
		{D46D66C0-0115-45D4-89CE-E1D9A5B9922D}.Debug|x64.Build.0 = Debug|x64
		{D46D66C0-0115-45D4-89CE-E1D9A5B9922D}.Debug|x86.ActiveCfg = Debug|Win32
		{D46D66C0-0115-45D4-89CE-E1D9A5B9922D}.Debug|x86.Build.0 = Debug|Win32
		{D46D66C0-0115-45D4-89CE-E1D9A5B9922D}.Release|x64.ActiveCfg = Release|x64
		{D46D66C0-0115-45D4-89CE-E1D9A5B9922D}.Release|x64.Build.0 = Release|x64
		{D46D66C0-0115-45D4-89CE-E1D9A5B9922D}.Release|x86.ActiveCfg = Release|Win32
		{D46D66C0-0115-45D4-89CE-E1D9A5B9922D}.Release|x86.Build.0 = Release|Win32
		{743B39B6-8C32-4ADB-9B50-D67721EB1CB0}.Debug|x64.ActiveCfg = Debug|x64
		{743B39B6-8C32-4ADB-9B50-D67721EB1CB0}.Debug|x64.Build.0 = Debug|x64
		{743B39B6-8C32-4ADB-9B50-D67721EB1CB0}.Debug|x86.ActiveCfg = Debug|Win32
		{743B39B6-8C32-4ADB-9B50-D67721EB1CB0}.Debug|x86.Build.0 = Debug|Win32
		{743B39B6-8C32-4ADB-9B50-D67721EB1CB0}.Release|x64.ActiveCfg = Release|x64
		{743B39B6-8C32-4ADB-9B50-D67721EB1CB0}.Release|x64.Build.0 = Release|x64
		{743B39B6-8C32-4ADB-9B50-D67721EB1CB0}.Release|x86.ActiveCfg = Release|Win32
		{743B39B6-8C32-4ADB-9B50-D67721EB1CB0}.Release|x86.Build.0 = Release|Win32
	EndGlobalSection
	GlobalSection(SolutionProperties) = preSolution
		HideSolutionNode = FALSE
	EndGlobalSection
	GlobalSection(NestedProjects) = preSolution
		{527F1072-F390-472D-A22E-E364C59AA791} = {0C3E2EAE-C8C5-4A1B-86C6-42F1E45770E4}
		{AFC22CD6-4F07-487F-A95F-5839FA5F4C81} = {79423BDC-FF84-4E57-AEC1-470900237E6D}
		{A432B4F8-3E04-4DD2-B7DD-FAACFB6EF5D3} = {79423BDC-FF84-4E57-AEC1-470900237E6D}
		{74CA6576-DB00-49EC-85D0-1B8306E28B84} = {C6E12F35-95B4-44C2-8D9B-3200818F2F98}
		{7FFC93D0-CB54-4736-AA13-20886EEF6F47} = {C6E12F35-95B4-44C2-8D9B-3200818F2F98}
		{EF4DF27E-1A31-491D-A2F5-BD94C7169221} = {C6E12F35-95B4-44C2-8D9B-3200818F2F98}
		{6676E440-73EA-4E81-9BAD-619453841EA1} = {8ADDA427-545F-4BB5-8E43-C84171D260D2}
		{338AD163-1E4C-4375-9D48-304B3E18A4F4} = {8ADDA427-545F-4BB5-8E43-C84171D260D2}
		{412047BC-03AB-4223-A9C2-6377DBA45DF3} = {8ADDA427-545F-4BB5-8E43-C84171D260D2}
		{E98808C9-60DF-49E6-8A04-D10AA270CF73} = {8ADDA427-545F-4BB5-8E43-C84171D260D2}
		{2FAE30C8-AACC-48B3-97A8-996482894A8F} = {8ADDA427-545F-4BB5-8E43-C84171D260D2}
		{D46D66C0-0115-45D4-89CE-E1D9A5B9922D} = {8ADDA427-545F-4BB5-8E43-C84171D260D2}
		{743B39B6-8C32-4ADB-9B50-D67721EB1CB0} = {37E34B86-ABFA-4AF8-AADA-BC1EE6AD669E}
	EndGlobalSection
	GlobalSection(ExtensibilityGlobals) = postSolution
		SolutionGuid = {9618793E-FBE0-4FAB-B8A5-E93ABD098215}
	EndGlobalSection
EndGlobal
